
Microsoft Visual Studio Solution File, Format Version 12.00
# Visual Studio Version 16
VisualStudioVersion = 16.0.33027.164
MinimumVisualStudioVersion = 10.0.40219.1
Project("{FAE04EC0-301F-11D3-BF4B-00C04F79EFBC}") = "UpworkAssessment", "UpworkAssessment.csproj", "{4BE084AC-BB8B-4C1D-98EB-BA50BF261725}"
EndProject
Global
	GlobalSection(SolutionConfigurationPlatforms) = preSolution
		Debug|Any CPU = Debug|Any CPU
		Release|Any CPU = Release|Any CPU
	EndGlobalSection
	GlobalSection(ProjectConfigurationPlatforms) = postSolution
		{4BE084AC-BB8B-4C1D-98EB-BA50BF261725}.Debug|Any CPU.ActiveCfg = Debug|Any CPU
		{4BE084AC-BB8B-4C1D-98EB-BA50BF261725}.Debug|Any CPU.Build.0 = Debug|Any CPU
		{4BE084AC-BB8B-4C1D-98EB-BA50BF261725}.Release|Any CPU.ActiveCfg = Release|Any CPU
		{4BE084AC-BB8B-4C1D-98EB-BA50BF261725}.Release|Any CPU.Build.0 = Release|Any CPU
	EndGlobalSection
	GlobalSection(SolutionProperties) = preSolution
		HideSolutionNode = FALSE
	EndGlobalSection
	GlobalSection(ExtensibilityGlobals) = postSolution
		SolutionGuid = {975DBA15-5C50-4B9A-A9B5-8889DE78AA89}
	EndGlobalSection
EndGlobal
